
Microsoft Visual Studio Solution File, Format Version 12.00
# Visual Studio Version 16
VisualStudioVersion = 16.0.29025.244
MinimumVisualStudioVersion = 10.0.40219.1
Project("{9A19103F-16F7-4668-BE54-9A1E7A4F7556}") = "NMOHUM.API", "NMOHUM.API\NMOHUM.API.csproj", "{AE17A6EE-19E4-4DFD-9E27-B63CF51D6DA7}"
EndProject
Project("{FAE04EC0-301F-11D3-BF4B-00C04F79EFBC}") = "NMOHUM.Db.Migrations", "NMOHUM.Db.Migrations\NMOHUM.Db.Migrations.csproj", "{6B025CFA-F0A0-4FA1-BF69-56E6B3773F02}"
EndProject
Global
	GlobalSection(SolutionConfigurationPlatforms) = preSolution
		Debug|Any CPU = Debug|Any CPU
		Release|Any CPU = Release|Any CPU
	EndGlobalSection
	GlobalSection(ProjectConfigurationPlatforms) = postSolution
		{AE17A6EE-19E4-4DFD-9E27-B63CF51D6DA7}.Debug|Any CPU.ActiveCfg = Debug|Any CPU
		{AE17A6EE-19E4-4DFD-9E27-B63CF51D6DA7}.Debug|Any CPU.Build.0 = Debug|Any CPU
		{AE17A6EE-19E4-4DFD-9E27-B63CF51D6DA7}.Release|Any CPU.ActiveCfg = Release|Any CPU
		{AE17A6EE-19E4-4DFD-9E27-B63CF51D6DA7}.Release|Any CPU.Build.0 = Release|Any CPU
		{6B025CFA-F0A0-4FA1-BF69-56E6B3773F02}.Debug|Any CPU.ActiveCfg = Debug|Any CPU
		{6B025CFA-F0A0-4FA1-BF69-56E6B3773F02}.Debug|Any CPU.Build.0 = Debug|Any CPU
		{6B025CFA-F0A0-4FA1-BF69-56E6B3773F02}.Release|Any CPU.ActiveCfg = Release|Any CPU
		{6B025CFA-F0A0-4FA1-BF69-56E6B3773F02}.Release|Any CPU.Build.0 = Release|Any CPU
	EndGlobalSection
	GlobalSection(SolutionProperties) = preSolution
		HideSolutionNode = FALSE
	EndGlobalSection
	GlobalSection(ExtensibilityGlobals) = postSolution
		SolutionGuid = {DCC2C669-F225-4C29-8BC6-47C1BB2DEE9F}
	EndGlobalSection
EndGlobal
